{
  "name": "birdperson",
  "version": "1.0.0",
  "lockfileVersion": 1,
  "requires": true,
  "dependencies": {
    "oauthio-web": {
      "version": "0.6.1",
      "resolved": "https://registry.npmjs.org/oauthio-web/-/oauthio-web-0.6.1.tgz",
      "integrity": "sha1-UTXanymzIEjYwLsLJf+GtW7P/G0="
    }
  }
}
